
Microsoft Visual Studio Solution File, Format Version 12.00
# Visual Studio 14
VisualStudioVersion = 14.0.23107.0
MinimumVisualStudioVersion = 10.0.40219.1
Project("{FAE04EC0-301F-11D3-BF4B-00C04F79EFBC}") = "questPlayer", "questPlayer\questPlayer.csproj", "{0B2F007A-D9F4-4821-A99C-A37E547C383D}"
EndProject
Global
	GlobalSection(SolutionConfigurationPlatforms) = preSolution
		Debug|Any CPU = Debug|Any CPU
		Release|Any CPU = Release|Any CPU
	EndGlobalSection
	GlobalSection(ProjectConfigurationPlatforms) = postSolution
		{0B2F007A-D9F4-4821-A99C-A37E547C383D}.Debug|Any CPU.ActiveCfg = Debug|Any CPU
		{0B2F007A-D9F4-4821-A99C-A37E547C383D}.Debug|Any CPU.Build.0 = Debug|Any CPU
		{0B2F007A-D9F4-4821-A99C-A37E547C383D}.Release|Any CPU.ActiveCfg = Release|Any CPU
		{0B2F007A-D9F4-4821-A99C-A37E547C383D}.Release|Any CPU.Build.0 = Release|Any CPU
	EndGlobalSection
	GlobalSection(SolutionProperties) = preSolution
		HideSolutionNode = FALSE
	EndGlobalSection
EndGlobal
